
Microsoft Visual Studio Solution File, Format Version 12.00
# Visual Studio 15
VisualStudioVersion = 15.0.27703.2035
MinimumVisualStudioVersion = 10.0.40219.1
Project("{FAE04EC0-301F-11D3-BF4B-00C04F79EFBC}") = "WebApplicationMVC", "WebApplicationMVC\WebApplicationMVC.csproj", "{13322519-E22C-409A-B73D-399023C2BD3D}"
EndProject
Global
	GlobalSection(SolutionConfigurationPlatforms) = preSolution
		Debug|Any CPU = Debug|Any CPU
		Release|Any CPU = Release|Any CPU
	EndGlobalSection
	GlobalSection(ProjectConfigurationPlatforms) = postSolution
		{13322519-E22C-409A-B73D-399023C2BD3D}.Debug|Any CPU.ActiveCfg = Debug|Any CPU
		{13322519-E22C-409A-B73D-399023C2BD3D}.Debug|Any CPU.Build.0 = Debug|Any CPU
		{13322519-E22C-409A-B73D-399023C2BD3D}.Release|Any CPU.ActiveCfg = Release|Any CPU
		{13322519-E22C-409A-B73D-399023C2BD3D}.Release|Any CPU.Build.0 = Release|Any CPU
	EndGlobalSection
	GlobalSection(SolutionProperties) = preSolution
		HideSolutionNode = FALSE
	EndGlobalSection
	GlobalSection(ExtensibilityGlobals) = postSolution
		SolutionGuid = {2B64BF48-C90F-4CF5-B207-568E51DE4670}
	EndGlobalSection
EndGlobal
